{
  "name": "ai-cli-runner-build",
  "version": "0.0.0",
  "lockfileVersion": 3,
  "requires": true,
  "packages": {
    "": {
      "name": "ai-cli-runner-build",
      "version": "0.0.0",
      "dependencies": {
        "@anthropic-ai/claude-code-linux-x64": "2.1.289",
        "@cline/cli-linux-x64": "3.0.68"
      }
    },
    "node_modules/@anthropic-ai/claude-code-linux-x64": {
      "version": "2.1.289",
      "resolved": "https://registry.npmjs.org/@anthropic-ai/claude-code-linux-x64/-/claude-code-linux-x64-2.1.289.tgz",
      "integrity": "sha512-I23SaSYE8vSwFbJ+Tc0mRlzvJmRQNaiyBUXK/K5R6BVr2lOoCdMI2SJR4N6xiVYy6yyIt39JNiyvPHoiOymyyw==",
      "cpu": [
        "x64"
      ],
      "license": "SEE LICENSE IN LICENSE.md",
      "os": [
        "linux"
      ]
    },
    "node_modules/@cline/cli-linux-x64": {
      "version": "3.0.68",
      "resolved": "https://registry.npmjs.org/@cline/cli-linux-x64/-/cli-linux-x64-3.0.68.tgz",
      "integrity": "sha512-CTDo+lTHsrKV/4SBl6SHVNneoEodcjuKOPvSTb8hFx8GGbi4ASsrItbUxb3bvgC+q2jglepYBborRcPoCv0YYw==",
      "cpu": [
        "x64"
      ],
      "os": [
        "linux"
      ],
      "bin": {
        "cline": "bin/cline"
      }
    }
  }
}
