{
  "name": "ai-cli-runner-build",
  "version": "0.0.0",
  "lockfileVersion": 3,
  "requires": true,
  "packages": {
    "": {
      "name": "ai-cli-runner-build",
      "version": "0.0.0",
      "dependencies": {
        "@anthropic-ai/claude-code-linux-x64": "2.1.295",
        "@cline/cli-linux-x64": "3.0.70"
      }
    },
    "node_modules/@anthropic-ai/claude-code-linux-x64": {
      "version": "2.1.295",
      "resolved": "https://registry.npmjs.org/@anthropic-ai/claude-code-linux-x64/-/claude-code-linux-x64-2.1.295.tgz",
      "integrity": "sha512-nC9RZ6ZArEavyAiFdEtGK6/XPhjfE79tP2tCh+PjmRUxSO/6W3IuXv/rmo8c6u2UzHyvgKodRj1z6UcBGlbnyA==",
      "cpu": [
        "x64"
      ],
      "license": "SEE LICENSE IN LICENSE.md",
      "os": [
        "linux"
      ]
    },
    "node_modules/@cline/cli-linux-x64": {
      "version": "3.0.70",
      "resolved": "https://registry.npmjs.org/@cline/cli-linux-x64/-/cli-linux-x64-3.0.70.tgz",
      "integrity": "sha512-vNYoWu4UPioXggb/o1UFDr5689yaXzxrH8oka+JSM6iULLBC25hFfSYdt9oaZkcCH9tuK/c9DB0FQtNT4Ykz0A==",
      "cpu": [
        "x64"
      ],
      "os": [
        "linux"
      ],
      "bin": {
        "cline": "bin/cline"
      }
    }
  }
}
